
Microsoft Visual Studio Solution File, Format Version 12.00
# Visual Studio Version 16
VisualStudioVersion = 16.0.29609.76
MinimumVisualStudioVersion = 10.0.40219.1
Project("{9A19103F-16F7-4668-BE54-9A1E7A4F7556}") = "BotAuthenticationMSGraph", "24.bot-authentication-msgraph\BotAuthenticationMSGraph.csproj", "{3434227D-B8F8-41D0-8465-310099349C61}"
EndProject
Global
	GlobalSection(SolutionConfigurationPlatforms) = preSolution
		Debug|Any CPU = Debug|Any CPU
		Release|Any CPU = Release|Any CPU
	EndGlobalSection
	GlobalSection(ProjectConfigurationPlatforms) = postSolution
		{3434227D-B8F8-41D0-8465-310099349C61}.Debug|Any CPU.ActiveCfg = Debug|Any CPU
		{3434227D-B8F8-41D0-8465-310099349C61}.Debug|Any CPU.Build.0 = Debug|Any CPU
		{3434227D-B8F8-41D0-8465-310099349C61}.Release|Any CPU.ActiveCfg = Release|Any CPU
		{3434227D-B8F8-41D0-8465-310099349C61}.Release|Any CPU.Build.0 = Release|Any CPU
	EndGlobalSection
	GlobalSection(SolutionProperties) = preSolution
		HideSolutionNode = FALSE
	EndGlobalSection
	GlobalSection(ExtensibilityGlobals) = postSolution
		SolutionGuid = {6AF4AF72-D00E-45C4-B3B2-E30FBE53245A}
	EndGlobalSection
EndGlobal
